# platform: osx-64
# env_hash: a1678cc8c2e7ea15a9ff2b9ec84d3d751e20bf0151cafecec1767c6ec39f88d0
@EXPLICIT
https://conda.anaconda.org/conda-forge/osx-64/c-ares-1.16.1-haf1e3a3_3.tar.bz2#3877b8f8cff6264b09904a8b470aed9c
https://conda.anaconda.org/conda-forge/osx-64/ca-certificates-2020.6.20-hecda079_0.tar.bz2#7933a42d363f3e88f239384ff68252db
https://conda.anaconda.org/conda-forge/osx-64/libcxx-10.0.1-h5f48129_0.tar.bz2#abc0f77f31d9e69bdcf2c550058da337
https://conda.anaconda.org/conda-forge/osx-64/libev-4.33-haf1e3a3_1.tar.bz2#79dc2be110b2a3d1e97ec21f691c50ad
https://conda.anaconda.org/conda-forge/osx-64/libiconv-1.16-haf1e3a3_0.tar.bz2#c5fab167412a52e491c8e11453ae016f
https://conda.anaconda.org/conda-forge/osx-64/libuv-1.39.0-haf1e3a3_0.tar.bz2#b0832dda7ff39efad26940139d130ff9
https://conda.anaconda.org/conda-forge/osx-64/perl-5.26.2-haec8ef5_1006.tar.bz2#7c0ced1da3e20d98b1045f3e945d3d1c
https://conda.anaconda.org/conda-forge/osx-64/xz-5.2.5-haf1e3a3_1.tar.bz2#41116deb499e9bc58048c297d6403ce6
https://conda.anaconda.org/conda-forge/osx-64/yaml-0.2.5-haf1e3a3_0.tar.bz2#84c2fc186995c25a43e86ed708065572
https://conda.anaconda.org/conda-forge/osx-64/zlib-1.2.11-h7795811_1009.tar.bz2#958b4b681fcae3094383cf69c26e8936
https://conda.anaconda.org/conda-forge/osx-64/expat-2.2.9-hb1e8313_2.tar.bz2#5674668524163888bba8f8c04223c323
https://conda.anaconda.org/conda-forge/osx-64/icu-67.1-hb1e8313_0.tar.bz2#7ee9c0ceb94bf007b86e1564626e1ca0
https://conda.anaconda.org/conda-forge/osx-64/libffi-3.2.1-hb1e8313_1007.tar.bz2#be8b6ba3b6710a89ab891bbed151659c
https://conda.anaconda.org/conda-forge/osx-64/ncurses-6.2-hb1e8313_1.tar.bz2#711f66ee1fd8585c28a47910ddbeaa4a
https://conda.anaconda.org/conda-forge/osx-64/openssl-1.1.1g-haf1e3a3_1.tar.bz2#31736d93dc6075a776645e5f5346fb9f
https://conda.anaconda.org/conda-forge/osx-64/pcre-8.44-h4a8c4bd_0.tar.bz2#28b0557e6ef0eb62f3162ddf678ea493
https://conda.anaconda.org/conda-forge/osx-64/tk-8.6.10-hb0a8c7a_0.tar.bz2#f93186025751849c38dcc6c624ef424e
https://conda.anaconda.org/conda-forge/osx-64/gettext-0.19.8.1-h46ab8bc_1002.tar.bz2#c7517739152f7ba685351817f6ed9da8
https://conda.anaconda.org/conda-forge/osx-64/libedit-3.1.20191231-h0678c8f_2.tar.bz2#6016a8a1d0e63cac3de2c352cd40208b
https://conda.anaconda.org/conda-forge/osx-64/libnghttp2-1.41.0-h7580e61_2.tar.bz2#1731a2e73e2d68d455a1b8b8de0265dc
https://conda.anaconda.org/conda-forge/osx-64/libssh2-1.9.0-h8a08a2b_5.tar.bz2#2e0e86262d3c9a11230ab55fc0468e49
https://conda.anaconda.org/conda-forge/osx-64/nodejs-14.11.0-hdde0ff8_0.tar.bz2#53cc4193815f5f27670cedc20bb35480
https://conda.anaconda.org/conda-forge/osx-64/readline-8.0-h0678c8f_2.tar.bz2#8f69d684fce8e73328995d7efb77816a
https://conda.anaconda.org/conda-forge/osx-64/krb5-1.17.1-h75d18d8_3.tar.bz2#a2e242f395cb1226eaf4cc8eaacf5526
https://conda.anaconda.org/conda-forge/osx-64/sqlite-3.33.0-h960bd1c_0.tar.bz2#2258e92373f9991a586fc416ae459f17
https://conda.anaconda.org/conda-forge/osx-64/libcurl-7.71.1-h9bf37e3_6.tar.bz2#193ae801f5beae96d8c4f0920792c858
https://conda.anaconda.org/conda-forge/osx-64/python-3.8.5-h0ed32c4_8_cpython.tar.bz2#a2e2337bc5163d467c32e5f5c5c29c62
https://conda.anaconda.org/conda-forge/noarch/argh-0.26.2-pyh9f0ad1d_1002.tar.bz2#0af89261f0352895e1c1000d306b3dc7
https://conda.anaconda.org/conda-forge/noarch/click-7.1.2-pyh9f0ad1d_0.tar.bz2#bd50a970ce07e660c319fdc4d730d3f1
https://conda.anaconda.org/conda-forge/osx-64/curl-7.71.1-hcb81553_6.tar.bz2#6656bf43be1631e24acafd3692b9a895
https://conda.anaconda.org/conda-forge/noarch/pathtools-0.1.2-py_1.tar.bz2#7c9b5632c61951216374dbaa34659301
https://conda.anaconda.org/conda-forge/osx-64/python_abi-3.8-1_cp38.tar.bz2#5fe7757fd743e1c2d14d6170d4f53365
https://conda.anaconda.org/conda-forge/noarch/wheel-0.35.1-pyh9f0ad1d_0.tar.bz2#126827869be32f21872a2b30ebe2b038
https://conda.anaconda.org/conda-forge/osx-64/certifi-2020.6.20-py38h32f6830_0.tar.bz2#fab1139b40e8dd7fea9dbbb8dbe49f96
https://conda.anaconda.org/conda-forge/osx-64/git-2.28.0-pl526hde3ca24_1.tar.bz2#46d93a0492e45837debe35ed75a7b8d9
https://conda.anaconda.org/conda-forge/osx-64/pyyaml-5.3.1-py38h4d0b108_0.tar.bz2#f1a510eed72f6f1ae8d7695339acc5f2
https://conda.anaconda.org/conda-forge/osx-64/setuptools-49.6.0-py38h32f6830_1.tar.bz2#63a4c67433042e1bfec65c673ae866b4
https://conda.anaconda.org/conda-forge/osx-64/watchdog-0.10.3-py38h4d0b108_1.tar.bz2#0c4c59fe9e3c7c0e3f657d1afb58b99e
https://conda.anaconda.org/conda-forge/noarch/pip-20.2.3-py_0.tar.bz2#2a473e697f17443a8647c3d7d22043d3
