# platform: osx-64
# env_hash: 07fcc748fbb7840e50f2dae8076fb39058a6364f669d6da030aa81a1d5f75895
@EXPLICIT
https://conda.anaconda.org/conda-forge/osx-64/c-ares-1.16.1-haf1e3a3_3.tar.bz2#3877b8f8cff6264b09904a8b470aed9c
https://conda.anaconda.org/conda-forge/osx-64/ca-certificates-2020.6.20-hecda079_0.tar.bz2#7933a42d363f3e88f239384ff68252db
https://conda.anaconda.org/conda-forge/osx-64/jpeg-9d-h0b31af3_0.tar.bz2#0b52142a252948fc97483547a288e1d8
https://conda.anaconda.org/conda-forge/osx-64/libcxx-10.0.1-h5f48129_0.tar.bz2#abc0f77f31d9e69bdcf2c550058da337
https://conda.anaconda.org/conda-forge/osx-64/libev-4.33-haf1e3a3_1.tar.bz2#79dc2be110b2a3d1e97ec21f691c50ad
https://conda.anaconda.org/conda-forge/osx-64/libiconv-1.16-haf1e3a3_0.tar.bz2#c5fab167412a52e491c8e11453ae016f
https://conda.anaconda.org/conda-forge/osx-64/libsodium-1.0.18-h01d97ff_0.tar.bz2#c803458de4a43aa8635b3acd1e8d1afe
https://conda.anaconda.org/conda-forge/osx-64/libuv-1.39.0-haf1e3a3_0.tar.bz2#b0832dda7ff39efad26940139d130ff9
https://conda.anaconda.org/conda-forge/osx-64/libwebp-base-1.1.0-h0b31af3_3.tar.bz2#1ebb8a84b32629ae159fe2af2e3011ea
https://conda.anaconda.org/conda-forge/osx-64/llvm-openmp-10.0.1-h28b9765_0.tar.bz2#c75ab018203fefa1a87b17ef5d182ca4
https://conda.anaconda.org/conda-forge/osx-64/mysql-common-8.0.21-2.tar.bz2#e6179ac782248827dfe6285dae325046
https://conda.anaconda.org/conda-forge/osx-64/pandoc-2.10.1-haf1e3a3_0.tar.bz2#d46f0dfaeda21e2dbe01149a501f56f1
https://conda.anaconda.org/conda-forge/osx-64/perl-5.26.2-haec8ef5_1006.tar.bz2#7c0ced1da3e20d98b1045f3e945d3d1c
https://conda.anaconda.org/conda-forge/osx-64/xz-5.2.5-haf1e3a3_1.tar.bz2#41116deb499e9bc58048c297d6403ce6
https://conda.anaconda.org/conda-forge/osx-64/yaml-0.2.5-haf1e3a3_0.tar.bz2#84c2fc186995c25a43e86ed708065572
https://conda.anaconda.org/conda-forge/osx-64/zlib-1.2.11-h7795811_1009.tar.bz2#958b4b681fcae3094383cf69c26e8936
https://conda.anaconda.org/conda-forge/osx-64/expat-2.2.9-hb1e8313_2.tar.bz2#5674668524163888bba8f8c04223c323
https://conda.anaconda.org/conda-forge/osx-64/gmp-6.2.0-hb1e8313_2.tar.bz2#4d65e82109a4b798b5867e2d8427198a
https://conda.anaconda.org/conda-forge/osx-64/icu-67.1-hb1e8313_0.tar.bz2#7ee9c0ceb94bf007b86e1564626e1ca0
https://conda.anaconda.org/conda-forge/osx-64/libffi-3.2.1-hb1e8313_1007.tar.bz2#be8b6ba3b6710a89ab891bbed151659c
https://conda.anaconda.org/conda-forge/osx-64/libgfortran4-7.5.0-h1565451_3.tar.bz2#2cf086922ee2e7e4025c42e0414c8111
https://conda.anaconda.org/conda-forge/osx-64/libllvm10-10.0.1-h009f743_3.tar.bz2#cc65eb0b26253d2789320bfd661852f9
https://conda.anaconda.org/conda-forge/osx-64/libpng-1.6.37-hb0a8c7a_2.tar.bz2#152469e831f8558f76c63e841b934f87
https://conda.anaconda.org/conda-forge/osx-64/lz4-c-1.9.2-hb1e8313_3.tar.bz2#7737f6db9eb5e572d22b88b667d1f3f9
https://conda.anaconda.org/conda-forge/osx-64/ncurses-6.2-hb1e8313_1.tar.bz2#711f66ee1fd8585c28a47910ddbeaa4a
https://conda.anaconda.org/conda-forge/osx-64/nspr-4.20-h0a44026_1000.tar.bz2#c054572df940019744511a01e6045a1f
https://conda.anaconda.org/conda-forge/osx-64/openssl-1.1.1g-haf1e3a3_1.tar.bz2#31736d93dc6075a776645e5f5346fb9f
https://conda.anaconda.org/conda-forge/osx-64/pcre-8.44-h4a8c4bd_0.tar.bz2#28b0557e6ef0eb62f3162ddf678ea493
https://conda.anaconda.org/conda-forge/osx-64/tk-8.6.10-hb0a8c7a_0.tar.bz2#f93186025751849c38dcc6c624ef424e
https://conda.anaconda.org/conda-forge/osx-64/zeromq-4.3.2-h4a8c4bd_3.tar.bz2#4524f64e9fb5f0325b1cb8f4441e155f
https://conda.anaconda.org/conda-forge/osx-64/freetype-2.10.2-h8da9a1a_0.tar.bz2#17f160c42d580a14d96e9676f94b0c15
https://conda.anaconda.org/conda-forge/osx-64/gettext-0.19.8.1-h46ab8bc_1002.tar.bz2#c7517739152f7ba685351817f6ed9da8
https://conda.anaconda.org/conda-forge/osx-64/libclang-10.0.1-default_hf57f61e_1.tar.bz2#5c80fc4dfc1f7bb314a206a02e6d6c47
https://conda.anaconda.org/conda-forge/osx-64/libedit-3.1.20191231-h0678c8f_2.tar.bz2#6016a8a1d0e63cac3de2c352cd40208b
https://conda.anaconda.org/conda-forge/osx-64/libgfortran-4.0.0-3.tar.bz2#0f1f7b92304f0b9de10fba6f40bc3a51
https://conda.anaconda.org/conda-forge/osx-64/libnghttp2-1.41.0-h7580e61_2.tar.bz2#1731a2e73e2d68d455a1b8b8de0265dc
https://conda.anaconda.org/conda-forge/osx-64/libssh2-1.9.0-h8a08a2b_5.tar.bz2#2e0e86262d3c9a11230ab55fc0468e49
https://conda.anaconda.org/conda-forge/osx-64/mpfr-4.0.2-h72d8aaf_1.tar.bz2#a7b9a26985eadd6675077490a015e61e
https://conda.anaconda.org/conda-forge/osx-64/nodejs-14.11.0-hdde0ff8_0.tar.bz2#53cc4193815f5f27670cedc20bb35480
https://conda.anaconda.org/conda-forge/osx-64/readline-8.0-h0678c8f_2.tar.bz2#8f69d684fce8e73328995d7efb77816a
https://conda.anaconda.org/conda-forge/osx-64/zstd-1.4.5-h289c70a_2.tar.bz2#53cfeb429a4e0157b32ca4b52f488965
https://conda.anaconda.org/conda-forge/osx-64/krb5-1.17.1-h75d18d8_3.tar.bz2#a2e242f395cb1226eaf4cc8eaacf5526
https://conda.anaconda.org/conda-forge/osx-64/libopenblas-0.3.10-openmp_h63d9170_4.tar.bz2#b67fe39a155929f64e17296827c06041
https://conda.anaconda.org/conda-forge/osx-64/libtiff-4.1.0-h2ae36a8_6.tar.bz2#37552f9d87ae31dcf99a593684cf8cfb
https://conda.anaconda.org/conda-forge/osx-64/mpc-1.1.0-ha57cd0f_1009.tar.bz2#e97438cea7c25b9906edf9525f580674
https://conda.anaconda.org/conda-forge/osx-64/mysql-libs-8.0.21-hfb8f7af_2.tar.bz2#280d8ca18fa861d84174483856d74d39
https://conda.anaconda.org/conda-forge/osx-64/sqlite-3.33.0-h960bd1c_0.tar.bz2#2258e92373f9991a586fc416ae459f17
https://conda.anaconda.org/conda-forge/osx-64/lcms2-2.11-h174193d_0.tar.bz2#840ff941941c2bde293bfb45076e8c30
https://conda.anaconda.org/conda-forge/osx-64/libblas-3.8.0-17_openblas.tar.bz2#ceac2df441f5c3acae4fb1cb02ea7fb2
https://conda.anaconda.org/conda-forge/osx-64/libcurl-7.71.1-h9bf37e3_6.tar.bz2#193ae801f5beae96d8c4f0920792c858
https://conda.anaconda.org/conda-forge/osx-64/libpq-12.3-h489d428_0.tar.bz2#6cc0ec7be8464165494b5f9774167faa
https://conda.anaconda.org/conda-forge/osx-64/nss-3.47-hc0980d9_0.tar.bz2#c4a8c66c0125d86fbde82cf965212917
https://conda.anaconda.org/conda-forge/osx-64/python-3.8.5-h0ed32c4_8_cpython.tar.bz2#a2e2337bc5163d467c32e5f5c5c29c62
https://conda.anaconda.org/conda-forge/noarch/alabaster-0.7.12-py_0.tar.bz2#2489a97287f90176ecdc3ca982b4b0a0
https://conda.anaconda.org/conda-forge/noarch/argh-0.26.2-pyh9f0ad1d_1002.tar.bz2#0af89261f0352895e1c1000d306b3dc7
https://conda.anaconda.org/conda-forge/noarch/async-timeout-3.0.1-py_1000.tar.bz2#8b11024b2762a07aaa07d2743231a41b
https://conda.anaconda.org/conda-forge/noarch/async_generator-1.10-py_0.tar.bz2#d56c596e61b1c4952acf0a9920856c12
https://conda.anaconda.org/conda-forge/noarch/attrs-20.2.0-pyh9f0ad1d_0.tar.bz2#72fe75fed07fe89d6ef02034bf1e94a5
https://conda.anaconda.org/conda-forge/noarch/backcall-0.2.0-pyh9f0ad1d_0.tar.bz2#6006a6d08a3fa99268a2681c7fb55213
https://conda.anaconda.org/conda-forge/noarch/backports-1.0-py_2.tar.bz2#0da16b293affa6ac31812376f8eb79dd
https://conda.anaconda.org/conda-forge/noarch/blinker-1.4-py_1.tar.bz2#fa509a09190583f869ae442bf4d17f5f
https://conda.anaconda.org/conda-forge/noarch/click-7.1.2-pyh9f0ad1d_0.tar.bz2#bd50a970ce07e660c319fdc4d730d3f1
https://conda.anaconda.org/conda-forge/osx-64/curl-7.71.1-hcb81553_6.tar.bz2#6656bf43be1631e24acafd3692b9a895
https://conda.anaconda.org/conda-forge/noarch/decorator-4.4.2-py_0.tar.bz2#d2eabb9cabd212e1ec6a9463bd846243
https://conda.anaconda.org/conda-forge/noarch/defusedxml-0.6.0-py_0.tar.bz2#37e1033daee0e2edaa5ff42584c52b21
https://conda.anaconda.org/conda-forge/osx-64/glib-2.66.0-hdb5fb44_0.tar.bz2#3e052e8ee6780caf5c8f500cec4762c9
https://conda.anaconda.org/conda-forge/osx-64/gmpy2-2.1.0b1-py38h4160ff4_0.tar.bz2#cefb88eaec39222cd2cf88008acc11de
https://conda.anaconda.org/conda-forge/noarch/idna-2.10-pyh9f0ad1d_0.tar.bz2#f95a12b4f435aae6680fe55ae2eb1b06
https://conda.anaconda.org/conda-forge/noarch/imagesize-1.2.0-py_0.tar.bz2#5879bd2c4b399a5072468e5fe587bf1b
https://conda.anaconda.org/conda-forge/noarch/iniconfig-1.0.1-pyh9f0ad1d_0.tar.bz2#b24cafcf37a962a001a237a6299f580d
https://conda.anaconda.org/conda-forge/noarch/ipython_genutils-0.2.0-py_1.tar.bz2#5071c982548b3a20caf70462f04f5287
https://conda.anaconda.org/conda-forge/noarch/json5-0.9.4-pyh9f0ad1d_0.tar.bz2#075494d3f4e4466f8dba14d68e100bef
https://conda.anaconda.org/conda-forge/osx-64/libcblas-3.8.0-17_openblas.tar.bz2#f5e84f9f770d0e1659fb7d90cd3cb539
https://conda.anaconda.org/conda-forge/osx-64/liblapack-3.8.0-17_openblas.tar.bz2#d37ad4c540d99ba3d09674994b774a16
https://conda.anaconda.org/conda-forge/noarch/more-itertools-8.5.0-py_0.tar.bz2#3a2fa1ebe4306ae3190b1ed69a55b3fd
https://conda.anaconda.org/conda-forge/noarch/mpmath-1.1.0-py_0.tar.bz2#710eeb108dbbbb96d38f9cde359f6a94
https://conda.anaconda.org/conda-forge/noarch/nest-asyncio-1.4.0-py_0.tar.bz2#3203f15095157b7e1238db3cf77799e5
https://conda.anaconda.org/conda-forge/noarch/olefile-0.46-py_0.tar.bz2#8a6d3394763144710916ecf556c6287d
https://conda.anaconda.org/conda-forge/noarch/pamela-1.0.0-py_0.tar.bz2#36f6f18d2f3ae0c93d77a9dbedad08c3
https://conda.anaconda.org/conda-forge/noarch/pandocfilters-1.4.2-py_1.tar.bz2#ba6f4a308f1ea22abe1d72e72544af76
https://repo.anaconda.com/pkgs/main/noarch/parso-0.5.2-py_0.conda#916c5545aa86b58088260740e445572c
https://conda.anaconda.org/conda-forge/noarch/pathtools-0.1.2-py_1.tar.bz2#7c9b5632c61951216374dbaa34659301
https://conda.anaconda.org/conda-forge/noarch/prometheus_client-0.8.0-pyh9f0ad1d_0.tar.bz2#0409863e03d2abb75d9b91b903697ed0
https://conda.anaconda.org/conda-forge/noarch/ptyprocess-0.6.0-py_1001.tar.bz2#0c3a56f1ab48cfb002c69b48f9e1ddc6
https://conda.anaconda.org/conda-forge/noarch/py-1.9.0-pyh9f0ad1d_0.tar.bz2#82beb69c4e05d65702bbde3c63d6ef58
https://conda.anaconda.org/conda-forge/noarch/pycparser-2.20-pyh9f0ad1d_2.tar.bz2#aa798d50ffd182a0f6f31478c7f434f6
https://conda.anaconda.org/conda-forge/noarch/pyparsing-2.4.7-pyh9f0ad1d_0.tar.bz2#626c4f20d5bf06dcec9cf2eaa31725c7
https://conda.anaconda.org/conda-forge/noarch/python-editor-1.0.4-py_0.tar.bz2#eaaf29a0644f9407f98a4665f45880c4
https://conda.anaconda.org/conda-forge/noarch/python-json-logger-0.1.11-py_0.tar.bz2#f4912fb7591c1deb9957beef3c18ad00
https://conda.anaconda.org/conda-forge/osx-64/python_abi-3.8-1_cp38.tar.bz2#5fe7757fd743e1c2d14d6170d4f53365
https://conda.anaconda.org/conda-forge/noarch/pytz-2020.1-pyh9f0ad1d_0.tar.bz2#e52abc1f0fd70e05001c1ceb2696f625
https://conda.anaconda.org/conda-forge/osx-64/qt-5.12.9-h717870c_0.tar.bz2#7b07f4571757576594c1eaec471730c6
https://conda.anaconda.org/conda-forge/noarch/qtpy-1.9.0-py_0.tar.bz2#ab75b0ea90d2621e1924b824e2f395ee
https://conda.anaconda.org/conda-forge/noarch/send2trash-1.5.0-py_0.tar.bz2#c3779037a635e1150f1c53c28b875949
https://conda.anaconda.org/conda-forge/noarch/simpervisor-0.3-py_1.tar.bz2#fe08b77a681a541161b2b42fbd78d117
https://conda.anaconda.org/conda-forge/noarch/six-1.15.0-pyh9f0ad1d_0.tar.bz2#1eec421f0f1f39e579e44e4a5ce646a2
https://conda.anaconda.org/conda-forge/noarch/snowballstemmer-2.0.0-py_0.tar.bz2#fa34c3e7fb741022eb79169c354ca1ae
https://conda.anaconda.org/conda-forge/noarch/sphinxcontrib-applehelp-1.0.2-py_0.tar.bz2#20b2eaeaeea4ef9a9a0d99770620fd09
https://conda.anaconda.org/conda-forge/noarch/sphinxcontrib-devhelp-1.0.2-py_0.tar.bz2#68e01cac9d38d0e717cd5c87bc3d2cc9
https://conda.anaconda.org/conda-forge/noarch/sphinxcontrib-htmlhelp-1.0.3-py_0.tar.bz2#4508a40465ebf0105e52f7194f299411
https://conda.anaconda.org/conda-forge/noarch/sphinxcontrib-jsmath-1.0.1-py_0.tar.bz2#67cd9d9c0382d37479b4d306c369a2d4
https://conda.anaconda.org/conda-forge/noarch/sphinxcontrib-qthelp-1.0.3-py_0.tar.bz2#d01180388e6d1838c3e1ad029590aa7a
https://conda.anaconda.org/conda-forge/noarch/sphinxcontrib-serializinghtml-1.1.4-py_0.tar.bz2#8ea6a8036e28dba8827d35c764709358
https://conda.anaconda.org/conda-forge/noarch/testpath-0.4.4-py_0.tar.bz2#3b98fff4d5342bebde2ecaa314f796f9
https://conda.anaconda.org/conda-forge/noarch/toml-0.10.1-pyh9f0ad1d_0.tar.bz2#ca47d0ef822fd23b7ec9771a36645e5e
https://conda.anaconda.org/conda-forge/noarch/typing_extensions-3.7.4.2-py_0.tar.bz2#235133b5ac204ecadf84cd07bab4fbe3
https://conda.anaconda.org/conda-forge/noarch/webencodings-0.5.1-py_1.tar.bz2#3563be4c5611a44210d9ba0c16113136
https://conda.anaconda.org/conda-forge/noarch/wheel-0.35.1-pyh9f0ad1d_0.tar.bz2#126827869be32f21872a2b30ebe2b038
https://conda.anaconda.org/conda-forge/noarch/zipp-3.1.0-py_0.tar.bz2#61948e426a3a3ec1fa7c90a44c2585d1
https://conda.anaconda.org/conda-forge/osx-64/appnope-0.1.0-py38h32f6830_1001.tar.bz2#d9ae796515b7113028f46f71496f73ea
https://conda.anaconda.org/conda-forge/noarch/babel-2.8.0-py_0.tar.bz2#2d6d06e3b9884b2446ed7d6e10db9eb3
https://conda.anaconda.org/conda-forge/osx-64/certifi-2020.6.20-py38h32f6830_0.tar.bz2#fab1139b40e8dd7fea9dbbb8dbe49f96
https://conda.anaconda.org/conda-forge/osx-64/cffi-1.14.3-py38hc4dd44e_0.tar.bz2#6d0c626ea7132e0f210697a9165032ae
https://conda.anaconda.org/conda-forge/osx-64/chardet-3.0.4-py38h32f6830_1007.tar.bz2#d26014bf9243b9e21bb85468d9ed7eab
https://conda.anaconda.org/conda-forge/noarch/cycler-0.10.0-py_2.tar.bz2#f6d7c7e6d8f42cbbec7e07a8d879f91c
https://conda.anaconda.org/conda-forge/osx-64/dbus-1.13.6-h2f22bb5_0.tar.bz2#661014c977c645fa125fa53ae30395dd
https://conda.anaconda.org/conda-forge/osx-64/docutils-0.16-py38h32f6830_1.tar.bz2#61378b555b15c8ffe35ebd3d69607b96
https://conda.anaconda.org/conda-forge/osx-64/entrypoints-0.3-py38h32f6830_1001.tar.bz2#bab2b1490aca62b1f9c618136579dbf9
https://conda.anaconda.org/conda-forge/osx-64/fastcache-1.1.0-py38h64e0658_1.tar.bz2#7c8aa5f8bdb67e53442846cedb5e5712
https://conda.anaconda.org/conda-forge/osx-64/git-2.28.0-pl526hde3ca24_1.tar.bz2#46d93a0492e45837debe35ed75a7b8d9
https://conda.anaconda.org/conda-forge/osx-64/importlib-metadata-1.7.0-py38h32f6830_0.tar.bz2#82be12342b016936d9c4901be24d9c0f
https://conda.anaconda.org/conda-forge/osx-64/jedi-0.15.2-py38_0.tar.bz2#1e52d8cf9b8b443ab80f9e0658f0adba
https://conda.anaconda.org/conda-forge/osx-64/kiwisolver-1.2.0-py38ha0d09dd_0.tar.bz2#e21c474722bef3d5c76da60fa9550a87
https://conda.anaconda.org/conda-forge/noarch/markdown-it-py-0.5.4-py_0.tar.bz2#0f5ea3e63e23afa0175ebe67ee9841bf
https://conda.anaconda.org/conda-forge/osx-64/markupsafe-1.1.1-py38h4d0b108_1.tar.bz2#b8d40c7a40b4f0066a8f74dc447773ee
https://conda.anaconda.org/conda-forge/osx-64/mistune-0.8.4-py38h64e0658_1001.tar.bz2#6105029273363e19e8394d2ed8d73d87
https://conda.anaconda.org/conda-forge/osx-64/multidict-4.7.5-py38h64e0658_1.tar.bz2#be467942a3b998d0e1bfe58ae9f1e2df
https://conda.anaconda.org/conda-forge/osx-64/numpy-1.19.1-py38h8ccc501_2.tar.bz2#2f3842bb41dab2f15b90a5a1c35b67be
https://conda.anaconda.org/conda-forge/noarch/packaging-20.4-pyh9f0ad1d_0.tar.bz2#6d160f7346ac815500b5475d9a0f88a9
https://conda.anaconda.org/conda-forge/osx-64/pexpect-4.8.0-py38h32f6830_1.tar.bz2#07ca6ed2e07c8e8fae33a9d08ae245a4
https://conda.anaconda.org/conda-forge/osx-64/pickleshare-0.7.5-py38h32f6830_1001.tar.bz2#c6decc37371acd1641af1d54597ae48e
https://conda.anaconda.org/conda-forge/osx-64/pillow-7.2.0-py38h83dc5e5_1.tar.bz2#6c764b99a9c70607d22342ca92a405bf
https://conda.anaconda.org/conda-forge/osx-64/pluggy-0.13.1-py38h32f6830_2.tar.bz2#302460727c9213901b15d772090353bf
https://conda.anaconda.org/conda-forge/osx-64/pycurl-7.43.0.5-py38h1c2e396_2.tar.bz2#f15ace4d97fc52567db3c6694fd29d54
https://conda.anaconda.org/conda-forge/osx-64/pyrsistent-0.17.3-py38h4d0b108_0.tar.bz2#afb9777ef6416ae18393fec6e6d6ed88
https://conda.anaconda.org/conda-forge/osx-64/pysocks-1.7.1-py38h32f6830_1.tar.bz2#ff35ce1da678177b45ba3159dcdb6766
https://conda.anaconda.org/conda-forge/noarch/python-dateutil-2.8.1-py_0.tar.bz2#0d0150ed9c2d25817f5324108d3f7571
https://conda.anaconda.org/conda-forge/osx-64/python-levenshtein-0.12.0-py38h4d0b108_1001.tar.bz2#e009debd608c6b9969fa49037797c25f
https://conda.anaconda.org/conda-forge/osx-64/pyyaml-5.3.1-py38h4d0b108_0.tar.bz2#f1a510eed72f6f1ae8d7695339acc5f2
https://conda.anaconda.org/conda-forge/osx-64/pyzmq-19.0.2-py38h2c785a9_0.tar.bz2#ad94f23a55c082c3766372e68618f405
https://conda.anaconda.org/conda-forge/osx-64/ruamel.yaml.clib-0.2.2-py38h4d0b108_0.tar.bz2#91b1a109d3a1e75e664922dfd753b0b7
https://conda.anaconda.org/conda-forge/osx-64/sqlalchemy-1.3.19-py38h4d0b108_0.tar.bz2#f0404362847b40b79ff3ee15a0ce4eff
https://conda.anaconda.org/conda-forge/osx-64/tornado-6.0.4-py38h64e0658_1.tar.bz2#e962e1de5a285c9be6bf09bd2eff9023
https://conda.anaconda.org/conda-forge/noarch/traitlets-5.0.4-py_0.tar.bz2#c75376bed2140d3851e6081450513059
https://conda.anaconda.org/conda-forge/osx-64/argon2-cffi-20.1.0-py38h4d0b108_1.tar.bz2#67ac14d8fbb81e4e70e4fb5c73544d30
https://conda.anaconda.org/conda-forge/osx-64/brotlipy-0.7.0-py38h4d0b108_1000.tar.bz2#5b1a33e917b4b65560f1d69fc5b4f408
https://conda.anaconda.org/conda-forge/osx-64/cryptography-3.1-py38h52adbb4_0.tar.bz2#2c1142965a34fc5977d86f9c053da095
https://conda.anaconda.org/conda-forge/noarch/fuzzywuzzy-0.17.0-py_0.tar.bz2#1ec1d78fbb8c32c7b49ffe01b40bab95
https://conda.anaconda.org/conda-forge/noarch/importlib_metadata-1.7.0-0.tar.bz2#3e6503b25200f60149cce699a47cf09e
https://conda.anaconda.org/conda-forge/osx-64/jupyter_core-4.6.3-py38h32f6830_1.tar.bz2#98b8f9ebcdac7a0a56c83f8012afdfde
https://conda.anaconda.org/conda-forge/noarch/mako-1.1.3-pyh9f0ad1d_0.tar.bz2#7c87121b0244cf6a1f44a1df12a846ea
https://conda.anaconda.org/conda-forge/osx-64/pyqt-5.12.3-py38hf180056_3.tar.bz2#c76bc311c50da0ae02e870069e79edfd
https://conda.anaconda.org/conda-forge/osx-64/pytest-6.0.2-py38h32f6830_0.tar.bz2#739e872287384f4d733fee2fc54485db
https://conda.anaconda.org/conda-forge/osx-64/scipy-1.5.2-py38h1402333_0.tar.bz2#2719b2023608f21f5c0fbc0f05763e9f
https://conda.anaconda.org/conda-forge/osx-64/setuptools-49.6.0-py38h32f6830_1.tar.bz2#63a4c67433042e1bfec65c673ae866b4
https://conda.anaconda.org/conda-forge/osx-64/sympy-1.6.2-py38h32f6830_0.tar.bz2#211a2634538a51dd0e40e1f073127c67
https://conda.anaconda.org/conda-forge/osx-64/terminado-0.8.3-py38h32f6830_1.tar.bz2#cf909ebe6d2986e69b00008736fd6df0
https://conda.anaconda.org/conda-forge/osx-64/watchdog-0.10.3-py38h4d0b108_1.tar.bz2#0c4c59fe9e3c7c0e3f657d1afb58b99e
https://conda.anaconda.org/conda-forge/osx-64/yarl-1.3.0-py38h0b31af3_1000.tar.bz2#3dc406712765f7ba6a0b29e43dab1791
https://conda.anaconda.org/conda-forge/osx-64/aiohttp-3.6.2-py38h0b31af3_0.tar.bz2#9a4465a78925ae39adffc0c1fb31ad17
https://conda.anaconda.org/conda-forge/noarch/alembic-1.4.3-pyh9f0ad1d_0.tar.bz2#84c871138af479a1724d3c3634273dda
https://conda.anaconda.org/conda-forge/noarch/backports.functools_lru_cache-1.6.1-py_0.tar.bz2#d36df15eaef96549ce6231e3088fba54
https://conda.anaconda.org/conda-forge/noarch/bleach-3.2.1-pyh9f0ad1d_0.tar.bz2#d4506316b85679972c0b78d4d1c0b701
https://conda.anaconda.org/eoas_ubc/osx-64/jb_tools-0.1.3-py38_2.tar.bz2#e6cc94516bd5e549ff3398018354d869
https://conda.anaconda.org/conda-forge/noarch/jinja2-2.11.2-pyh9f0ad1d_0.tar.bz2#e8a5d614d1a27bdba00059ca062a0551
https://conda.anaconda.org/conda-forge/osx-64/jsonschema-3.2.0-py38h32f6830_1.tar.bz2#f9a8ce63603d7a7db2890f594da72694
https://conda.anaconda.org/conda-forge/noarch/jupyter_client-6.1.7-py_0.tar.bz2#bcaa486602c05413da0808b82898f60a
https://conda.anaconda.org/conda-forge/osx-64/matplotlib-base-3.3.2-py38haed9462_0.tar.bz2#b5e475b3493afc8a3f9e8b449ffe7028
https://conda.anaconda.org/conda-forge/noarch/pip-20.2.3-py_0.tar.bz2#2a473e697f17443a8647c3d7d22043d3
https://conda.anaconda.org/conda-forge/noarch/pygments-2.7.1-py_0.tar.bz2#9dbcbc1c57c179d2ac4fb79d9ed01c61
https://conda.anaconda.org/conda-forge/noarch/pyjwt-1.7.1-py_0.tar.bz2#617ab4f8c5e481fdeabe55d7a1e14798
https://conda.anaconda.org/conda-forge/noarch/pyopenssl-19.1.0-py_1.tar.bz2#ef3d970a6de9bc902d233e59f746b7cd
https://conda.anaconda.org/conda-forge/osx-64/ruamel.yaml-0.16.12-py38h4d0b108_0.tar.bz2#103479745543af5c85eddb18daad9ed6
https://conda.anaconda.org/conda-forge/osx-64/bokeh-2.2.1-py38h32f6830_0.tar.bz2#841d6b6a0e88fb1c79685fe97d4644c4
https://conda.anaconda.org/conda-forge/noarch/certipy-0.1.3-py_0.tar.bz2#23486713ef5712923e7c57cae609b22e
https://conda.anaconda.org/conda-forge/noarch/jupyter_telemetry-0.0.5-py_0.tar.bz2#46d62a58c7dd1e6fcdaff59441285791
https://conda.anaconda.org/conda-forge/noarch/jupyterlab_pygments-0.1.1-pyh9f0ad1d_0.tar.bz2#1dcc48a573e69b44f9065dbe665fc186
https://conda.anaconda.org/conda-forge/osx-64/matplotlib-3.3.2-0.tar.bz2#8826dbc445647a240752ccf8dbb8026b
https://conda.anaconda.org/conda-forge/noarch/nbformat-5.0.7-py_0.tar.bz2#7f9984ee165126ac09d9eb678052783d
https://conda.anaconda.org/conda-forge/noarch/oauthlib-3.0.1-py_0.tar.bz2#faaf2a8fd1cddecbf1818fcf0ed3a3b6
https://conda.anaconda.org/conda-forge/noarch/urllib3-1.25.10-py_0.tar.bz2#82cde2a532177697e42a090add881db8
https://conda.anaconda.org/conda-forge/noarch/wcwidth-0.2.5-pyh9f0ad1d_1.tar.bz2#ac581f74f00d4d9f5acec2449f310e70
https://conda.anaconda.org/conda-forge/noarch/jupytext-1.6.0-pyh9f0ad1d_0.tar.bz2#dd0e9e0a7812e4a911bac937e0a7fabb
https://conda.anaconda.org/conda-forge/noarch/nbclient-0.5.0-py_0.tar.bz2#1c95e6cf38f219566e281979a3a1bd27
https://conda.anaconda.org/conda-forge/noarch/prompt-toolkit-3.0.7-py_0.tar.bz2#32341741e1d778b2c54bb42191cf8571
https://conda.anaconda.org/conda-forge/noarch/requests-2.24.0-pyh9f0ad1d_0.tar.bz2#786ef230ca5cf2536e9dee910fdf4f9f
https://conda.anaconda.org/conda-forge/noarch/conda-lock-0.6.0-py_0.tar.bz2#cec92264515acd6ff903fa8455dd67da
https://conda.anaconda.org/conda-forge/osx-64/ipython-7.18.1-py38h1cdfbd6_0.tar.bz2#9b4fc2ae9182f958ae31d7dbdb016bf9
https://conda.anaconda.org/conda-forge/osx-64/jupyterhub-base-1.1.0-py38h32f6830_4.tar.bz2#6bcaab165d57b92db89aeeff12ef045d
https://conda.anaconda.org/conda-forge/osx-64/nbconvert-6.0.3-py38h32f6830_0.tar.bz2#cfc9996865f364cac7112769d454c543
https://conda.anaconda.org/conda-forge/noarch/prompt_toolkit-3.0.7-0.tar.bz2#605b6c7b54d977bbd796535ec386f00b
https://conda.anaconda.org/conda-forge/noarch/sphinx-3.2.1-py_0.tar.bz2#6775ce3cbf77a9447eacd1592858a738
https://conda.anaconda.org/conda-forge/osx-64/ipykernel-5.3.4-py38h23f93f0_0.tar.bz2#d8fe8cbc3d73ffb9ba5309798cd414be
https://conda.anaconda.org/conda-forge/noarch/jupyter_console-6.2.0-py_0.tar.bz2#cb063fba0917fab041217d5a4a3adca0
https://conda.anaconda.org/conda-forge/osx-64/notebook-6.1.4-py38h32f6830_0.tar.bz2#287e05080593e41f9af87169dacc24f7
https://conda.anaconda.org/conda-forge/noarch/qtconsole-4.7.7-pyh9f0ad1d_0.tar.bz2#8e117006c5c34029352c6b525c453361
https://conda.anaconda.org/conda-forge/noarch/jupyter-server-proxy-1.5.0-py_0.tar.bz2#a268439d8b60aac7c506dd170fa48f88
https://conda.anaconda.org/conda-forge/osx-64/jupyterhub-singleuser-1.1.0-py38h32f6830_4.tar.bz2#c923a51da13eaefccf5baec95978dabf
https://conda.anaconda.org/conda-forge/noarch/jupyterlab_server-1.2.0-py_0.tar.bz2#77d654573f19a836b326fb77ffd86860
https://conda.anaconda.org/conda-forge/noarch/nbgitpuller-0.9.0-py_0.tar.bz2#ce05504b25f7e0234c99e7ef1f746cbd
https://conda.anaconda.org/conda-forge/osx-64/widgetsnbextension-3.5.1-py38h32f6830_1.tar.bz2#c98e21bf5b177cd44fa870c633bebc4b
https://conda.anaconda.org/conda-forge/noarch/ipywidgets-7.5.1-pyh9f0ad1d_1.tar.bz2#a7211644e1cf6a262c675635a78181f4
https://conda.anaconda.org/conda-forge/noarch/jupyterlab-2.2.8-py_0.tar.bz2#6c8bc607ef541e7f2c72f8e1058bf799
https://conda.anaconda.org/eoas_ubc/noarch/base-notebook-2020.09.05-0.tar.bz2#3745b8c36fef6f15c850ebd174b7c3c9
https://conda.anaconda.org/conda-forge/noarch/jupyter-1.0.0-py_2.tar.bz2#46b26993ed7c689863313a03ee39e5e3
https://conda.anaconda.org/conda-forge/osx-64/nbgrader-0.6.1-py38h32f6830_0.tar.bz2#9045aa231bb17f81ceb9478d7655605e
