# platform: linux-64
# env_hash: 4ae0e915cead609c186f5c27c95ed4bea2d3f1e718c23e489d4cb56506b81bff
@EXPLICIT
https://conda.anaconda.org/conda-forge/linux-64/_libgcc_mutex-0.1-conda_forge.tar.bz2#d7c89558ba9fa0495403155b64376d81
https://conda.anaconda.org/conda-forge/linux-64/ca-certificates-2020.6.20-hecda079_0.tar.bz2#1b1cca86e95c416a8e7eb6062af6d503
https://conda.anaconda.org/conda-forge/linux-64/ld_impl_linux-64-2.35-h769bd43_9.tar.bz2#e91fb361f3d158f06546dc87cbe55739
https://conda.anaconda.org/conda-forge/linux-64/libgfortran-ng-7.5.0-hdf63c60_16.tar.bz2#d403b27c431064370f9d1b1962f8a86b
https://conda.anaconda.org/conda-forge/linux-64/libstdcxx-ng-9.3.0-hdf63c60_16.tar.bz2#2c7c23cdad4f42f924d19029ef97475c
https://conda.anaconda.org/conda-forge/linux-64/mysql-common-8.0.21-2.tar.bz2#96f3f7d5ae9784774cd5eb553cdf1ba7
https://conda.anaconda.org/conda-forge/linux-64/pandoc-2.10.1-h516909a_0.tar.bz2#8101ef00bcd1e337b62807c3671a64ac
https://conda.anaconda.org/conda-forge/linux-64/libgomp-9.3.0-h24d8f2e_16.tar.bz2#48f89ebfddb4ac93e74b0f4ab14c4a13
https://conda.anaconda.org/conda-forge/linux-64/_openmp_mutex-4.5-1_gnu.tar.bz2#561e277319a41d4f24f5c05a9ef63c04
https://conda.anaconda.org/conda-forge/linux-64/libgcc-ng-9.3.0-h24d8f2e_16.tar.bz2#846daf5c2a4dd387047cc5ccc6b9c613
https://conda.anaconda.org/conda-forge/linux-64/c-ares-1.16.1-h516909a_3.tar.bz2#8d0f54b0a09bb496dea3f8dae0c551e4
https://conda.anaconda.org/conda-forge/linux-64/expat-2.2.9-he1b5a44_2.tar.bz2#285f5b5ca3209d492224935affd00aab
https://conda.anaconda.org/conda-forge/linux-64/gmp-6.2.0-he1b5a44_2.tar.bz2#3d617da5ab2486438b82ee46eb3f6a6c
https://conda.anaconda.org/conda-forge/linux-64/icu-67.1-he1b5a44_0.tar.bz2#7ced6a5e5c94726af797d2b5a2b09228
https://conda.anaconda.org/conda-forge/linux-64/jpeg-9d-h516909a_0.tar.bz2#aa82d2e6e1fa196bf4addd7ebc71a807
https://conda.anaconda.org/conda-forge/linux-64/libev-4.33-h516909a_1.tar.bz2#6f8720dff19e17ce5d48cfe7f3d2f0a3
https://conda.anaconda.org/conda-forge/linux-64/libffi-3.2.1-he1b5a44_1007.tar.bz2#11389072d7d6036fd811c3d9460475cd
https://conda.anaconda.org/conda-forge/linux-64/libiconv-1.16-h516909a_0.tar.bz2#5c0f338a513a2943c659ae619fca9211
https://conda.anaconda.org/conda-forge/linux-64/libopenblas-0.3.10-pthreads_hb3c22a3_4.tar.bz2#8e3914247353e97a184909dbee132bfb
https://conda.anaconda.org/conda-forge/linux-64/libsodium-1.0.18-h516909a_0.tar.bz2#3475e9e7c8c9ead7f75c70b7703cb100
https://conda.anaconda.org/conda-forge/linux-64/libuuid-2.32.1-h14c3975_1000.tar.bz2#39c6326f6ee5297632c47db6520546fe
https://conda.anaconda.org/conda-forge/linux-64/libuv-1.39.0-h516909a_0.tar.bz2#04cc629a75f9bb0ecef9908ae2eac322
https://conda.anaconda.org/conda-forge/linux-64/libwebp-base-1.1.0-h516909a_3.tar.bz2#3d543511584978d6e22b6c194ae3b81e
https://conda.anaconda.org/conda-forge/linux-64/libxkbcommon-0.10.0-he1b5a44_0.tar.bz2#78ccac2098edcd3673af2ceb3e95f932
https://conda.anaconda.org/conda-forge/linux-64/lz4-c-1.9.2-he1b5a44_3.tar.bz2#b2e54aad8640e7a877d2280d3ebfe85b
https://conda.anaconda.org/conda-forge/linux-64/ncurses-6.2-he1b5a44_1.tar.bz2#d3da4932f3d8e6b3c81fcf177d1e6eab
https://conda.anaconda.org/conda-forge/linux-64/nspr-4.28-he1b5a44_0.tar.bz2#7a5c6c0816d5748a399431735d77157c
https://conda.anaconda.org/conda-forge/linux-64/openssl-1.1.1g-h516909a_1.tar.bz2#6fdcd20ec22aeffa10b6102bccc47e7f
https://conda.anaconda.org/conda-forge/linux-64/pcre-8.44-he1b5a44_0.tar.bz2#e647d89cd5cdf62760cf283a001841ff
https://conda.anaconda.org/conda-forge/linux-64/perl-5.26.2-h516909a_1006.tar.bz2#7159f7a31fb4176bac015a35ca8f199f
https://conda.anaconda.org/conda-forge/linux-64/pthread-stubs-0.4-h14c3975_1001.tar.bz2#e0b9987b65bba8016d21f5bdbe0a7923
https://conda.anaconda.org/conda-forge/linux-64/xorg-libxau-1.0.9-h14c3975_0.tar.bz2#ffa7c2b7a2c7dc779ed9e38b10a93c3c
https://conda.anaconda.org/conda-forge/linux-64/xorg-libxdmcp-1.1.3-h516909a_0.tar.bz2#e95a160e60b2a327309a6d323a4d780e
https://conda.anaconda.org/conda-forge/linux-64/xz-5.2.5-h516909a_1.tar.bz2#33f601066901f3e1a85af3522a8113f9
https://conda.anaconda.org/conda-forge/linux-64/yaml-0.2.5-h516909a_0.tar.bz2#03a530e925414902547cf48da7756db8
https://conda.anaconda.org/conda-forge/linux-64/zlib-1.2.11-h516909a_1009.tar.bz2#93486907c6757170a5125198506d9cf8
https://conda.anaconda.org/conda-forge/linux-64/gettext-0.19.8.1-hc5be6a0_1002.tar.bz2#8c2f1de42f9eec059418f3083f03cabc
https://conda.anaconda.org/conda-forge/linux-64/libblas-3.8.0-17_openblas.tar.bz2#fdd1790e564778bf0c616e639badfe58
https://conda.anaconda.org/conda-forge/linux-64/libedit-3.1.20191231-he28a2e2_2.tar.bz2#4d331e44109e3f0e19b4cb8f9b82f3e1
https://conda.anaconda.org/conda-forge/linux-64/libevent-2.1.10-hcdb4288_2.tar.bz2#129b9cc2a7d134848ca1e25e3551116c
https://conda.anaconda.org/conda-forge/linux-64/libllvm10-10.0.1-he513fc3_3.tar.bz2#b1c57947b2a9231e0cd037ab0ed96b5d
https://conda.anaconda.org/conda-forge/linux-64/libnghttp2-1.41.0-h8cfc5f6_2.tar.bz2#726ca0fed4bde95b056ef26df1efaf60
https://conda.anaconda.org/conda-forge/linux-64/libpng-1.6.37-hed695b0_2.tar.bz2#5685fb1f2e761545e9f5ea34411efd98
https://conda.anaconda.org/conda-forge/linux-64/libssh2-1.9.0-hab1572f_5.tar.bz2#18aaa1bd2238ae2b5e89591046973123
https://conda.anaconda.org/conda-forge/linux-64/libxcb-1.13-h14c3975_1002.tar.bz2#ca4eb860b5528d5c6de8d97021d9ef78
https://conda.anaconda.org/conda-forge/linux-64/libxml2-2.9.10-h68273f3_2.tar.bz2#0315cae0468a1e17f1e7fad5b13d53f8
https://conda.anaconda.org/conda-forge/linux-64/mpfr-4.0.2-he80fd80_1.tar.bz2#36b97844b2c0121c7913c64313f985f0
https://conda.anaconda.org/conda-forge/linux-64/nodejs-14.11.0-h568c755_0.tar.bz2#d1d0852d3fd2f3518159b364efe1b267
https://conda.anaconda.org/conda-forge/linux-64/readline-8.0-he28a2e2_2.tar.bz2#4d0ae8d473f863696088f76800ef9d38
https://conda.anaconda.org/conda-forge/linux-64/tk-8.6.10-hed695b0_0.tar.bz2#9a3e126468fa7fb6a54caad41b5a2d45
https://conda.anaconda.org/conda-forge/linux-64/zeromq-4.3.2-he1b5a44_3.tar.bz2#d9e734dd2b3da4e4380c9c98e6a78b40
https://conda.anaconda.org/conda-forge/linux-64/zstd-1.4.5-h6597ccf_2.tar.bz2#d60d50f369d40f9787878cdd866fc9d3
https://conda.anaconda.org/conda-forge/linux-64/freetype-2.10.2-he06d7ca_0.tar.bz2#520fb55b5f6e29179499000b8107fe0a
https://conda.anaconda.org/conda-forge/linux-64/krb5-1.17.1-hfafb76e_3.tar.bz2#b9c0993124fbf5f4ccf37fd00d6a3705
https://conda.anaconda.org/conda-forge/linux-64/libcblas-3.8.0-17_openblas.tar.bz2#28f6376d1c4ca5e0fc287fb0484e37a1
https://conda.anaconda.org/conda-forge/linux-64/libclang-10.0.1-default_hde54327_1.tar.bz2#758f1d35d1f8531c80e35b017d76d131
https://conda.anaconda.org/conda-forge/linux-64/liblapack-3.8.0-17_openblas.tar.bz2#09cfbcdb4888dc9010b4cbc60e55c6ad
https://conda.anaconda.org/conda-forge/linux-64/libtiff-4.1.0-hc7e4089_6.tar.bz2#fa73bbe576ceb0c200a232c7956d8661
https://conda.anaconda.org/conda-forge/linux-64/mpc-1.1.0-h04dde30_1009.tar.bz2#04a83b86c244fd8fe557a24e50b0028e
https://conda.anaconda.org/conda-forge/linux-64/mysql-libs-8.0.21-hf3661c5_2.tar.bz2#f2e5829fe70bce8eb7916010c329d759
https://conda.anaconda.org/conda-forge/linux-64/sqlite-3.33.0-h4cf870e_0.tar.bz2#b22603a9c94d2cda5911f7a2cd55aa95
https://conda.anaconda.org/conda-forge/linux-64/fontconfig-2.13.1-h1056068_1002.tar.bz2#b78e6489307731a6d5ca9b0bc577bc7c
https://conda.anaconda.org/conda-forge/linux-64/lcms2-2.11-hbd6801e_0.tar.bz2#92df66bf0087c1275e03edc8ab45a9b8
https://conda.anaconda.org/conda-forge/linux-64/libcurl-7.71.1-hcdd3856_6.tar.bz2#ca3ed6299c27fa27c53e1b3ad51c5328
https://conda.anaconda.org/conda-forge/linux-64/libpq-12.3-h5513abc_0.tar.bz2#c4aafb982a0419818ccb33ddb02d799b
https://conda.anaconda.org/conda-forge/linux-64/nss-3.57-he751ad9_0.tar.bz2#f21a27503481bb122dfe33b441cfbba1
https://conda.anaconda.org/conda-forge/linux-64/python-3.8.5-h1103e12_8_cpython.tar.bz2#5d710d199c971c3385764ceae5eb081e
https://conda.anaconda.org/conda-forge/noarch/alabaster-0.7.12-py_0.tar.bz2#2489a97287f90176ecdc3ca982b4b0a0
https://conda.anaconda.org/conda-forge/noarch/argh-0.26.2-pyh9f0ad1d_1002.tar.bz2#0af89261f0352895e1c1000d306b3dc7
https://conda.anaconda.org/conda-forge/noarch/async-timeout-3.0.1-py_1000.tar.bz2#8b11024b2762a07aaa07d2743231a41b
https://conda.anaconda.org/conda-forge/noarch/async_generator-1.10-py_0.tar.bz2#d56c596e61b1c4952acf0a9920856c12
https://conda.anaconda.org/conda-forge/noarch/attrs-20.2.0-pyh9f0ad1d_0.tar.bz2#72fe75fed07fe89d6ef02034bf1e94a5
https://conda.anaconda.org/conda-forge/noarch/backcall-0.2.0-pyh9f0ad1d_0.tar.bz2#6006a6d08a3fa99268a2681c7fb55213
https://conda.anaconda.org/conda-forge/noarch/backports-1.0-py_2.tar.bz2#0da16b293affa6ac31812376f8eb79dd
https://conda.anaconda.org/conda-forge/noarch/blinker-1.4-py_1.tar.bz2#fa509a09190583f869ae442bf4d17f5f
https://conda.anaconda.org/conda-forge/noarch/click-7.1.2-pyh9f0ad1d_0.tar.bz2#bd50a970ce07e660c319fdc4d730d3f1
https://conda.anaconda.org/conda-forge/linux-64/curl-7.71.1-he644dc0_6.tar.bz2#2440a38be59d0eea94f1faec63a46865
https://conda.anaconda.org/conda-forge/noarch/decorator-4.4.2-py_0.tar.bz2#d2eabb9cabd212e1ec6a9463bd846243
https://conda.anaconda.org/conda-forge/noarch/defusedxml-0.6.0-py_0.tar.bz2#37e1033daee0e2edaa5ff42584c52b21
https://conda.anaconda.org/conda-forge/linux-64/glib-2.66.0-h0dae87d_0.tar.bz2#2d606858304a20f57db595f9a3eb3bbf
https://conda.anaconda.org/conda-forge/linux-64/gmpy2-2.1.0b1-py38h04dde30_0.tar.bz2#be02f235190f28fe66f7697c23f6e669
https://conda.anaconda.org/conda-forge/noarch/idna-2.10-pyh9f0ad1d_0.tar.bz2#f95a12b4f435aae6680fe55ae2eb1b06
https://conda.anaconda.org/conda-forge/noarch/imagesize-1.2.0-py_0.tar.bz2#5879bd2c4b399a5072468e5fe587bf1b
https://conda.anaconda.org/conda-forge/noarch/iniconfig-1.0.1-pyh9f0ad1d_0.tar.bz2#b24cafcf37a962a001a237a6299f580d
https://conda.anaconda.org/conda-forge/noarch/ipython_genutils-0.2.0-py_1.tar.bz2#5071c982548b3a20caf70462f04f5287
https://conda.anaconda.org/conda-forge/noarch/json5-0.9.4-pyh9f0ad1d_0.tar.bz2#075494d3f4e4466f8dba14d68e100bef
https://conda.anaconda.org/conda-forge/noarch/more-itertools-8.5.0-py_0.tar.bz2#3a2fa1ebe4306ae3190b1ed69a55b3fd
https://conda.anaconda.org/conda-forge/noarch/mpmath-1.1.0-py_0.tar.bz2#710eeb108dbbbb96d38f9cde359f6a94
https://conda.anaconda.org/conda-forge/noarch/nest-asyncio-1.4.0-py_0.tar.bz2#3203f15095157b7e1238db3cf77799e5
https://conda.anaconda.org/conda-forge/noarch/olefile-0.46-py_0.tar.bz2#8a6d3394763144710916ecf556c6287d
https://conda.anaconda.org/conda-forge/noarch/pamela-1.0.0-py_0.tar.bz2#36f6f18d2f3ae0c93d77a9dbedad08c3
https://conda.anaconda.org/conda-forge/noarch/pandocfilters-1.4.2-py_1.tar.bz2#ba6f4a308f1ea22abe1d72e72544af76
https://repo.anaconda.com/pkgs/main/noarch/parso-0.5.2-py_0.conda#916c5545aa86b58088260740e445572c
https://conda.anaconda.org/conda-forge/noarch/pathtools-0.1.2-py_1.tar.bz2#7c9b5632c61951216374dbaa34659301
https://conda.anaconda.org/conda-forge/noarch/prometheus_client-0.8.0-pyh9f0ad1d_0.tar.bz2#0409863e03d2abb75d9b91b903697ed0
https://conda.anaconda.org/conda-forge/noarch/ptyprocess-0.6.0-py_1001.tar.bz2#0c3a56f1ab48cfb002c69b48f9e1ddc6
https://conda.anaconda.org/conda-forge/noarch/py-1.9.0-pyh9f0ad1d_0.tar.bz2#82beb69c4e05d65702bbde3c63d6ef58
https://conda.anaconda.org/conda-forge/noarch/pycparser-2.20-pyh9f0ad1d_2.tar.bz2#aa798d50ffd182a0f6f31478c7f434f6
https://conda.anaconda.org/conda-forge/noarch/pyparsing-2.4.7-pyh9f0ad1d_0.tar.bz2#626c4f20d5bf06dcec9cf2eaa31725c7
https://conda.anaconda.org/conda-forge/noarch/python-editor-1.0.4-py_0.tar.bz2#eaaf29a0644f9407f98a4665f45880c4
https://conda.anaconda.org/conda-forge/noarch/python-json-logger-0.1.11-py_0.tar.bz2#f4912fb7591c1deb9957beef3c18ad00
https://conda.anaconda.org/conda-forge/linux-64/python_abi-3.8-1_cp38.tar.bz2#8d05152d6fb3012b27a0e6fbcc14bea1
https://conda.anaconda.org/conda-forge/noarch/pytz-2020.1-pyh9f0ad1d_0.tar.bz2#e52abc1f0fd70e05001c1ceb2696f625
https://conda.anaconda.org/conda-forge/noarch/qtpy-1.9.0-py_0.tar.bz2#ab75b0ea90d2621e1924b824e2f395ee
https://conda.anaconda.org/conda-forge/noarch/send2trash-1.5.0-py_0.tar.bz2#c3779037a635e1150f1c53c28b875949
https://conda.anaconda.org/conda-forge/noarch/simpervisor-0.3-py_1.tar.bz2#fe08b77a681a541161b2b42fbd78d117
https://conda.anaconda.org/conda-forge/noarch/six-1.15.0-pyh9f0ad1d_0.tar.bz2#1eec421f0f1f39e579e44e4a5ce646a2
https://conda.anaconda.org/conda-forge/noarch/snowballstemmer-2.0.0-py_0.tar.bz2#fa34c3e7fb741022eb79169c354ca1ae
https://conda.anaconda.org/conda-forge/noarch/sphinxcontrib-applehelp-1.0.2-py_0.tar.bz2#20b2eaeaeea4ef9a9a0d99770620fd09
https://conda.anaconda.org/conda-forge/noarch/sphinxcontrib-devhelp-1.0.2-py_0.tar.bz2#68e01cac9d38d0e717cd5c87bc3d2cc9
https://conda.anaconda.org/conda-forge/noarch/sphinxcontrib-htmlhelp-1.0.3-py_0.tar.bz2#4508a40465ebf0105e52f7194f299411
https://conda.anaconda.org/conda-forge/noarch/sphinxcontrib-jsmath-1.0.1-py_0.tar.bz2#67cd9d9c0382d37479b4d306c369a2d4
https://conda.anaconda.org/conda-forge/noarch/sphinxcontrib-qthelp-1.0.3-py_0.tar.bz2#d01180388e6d1838c3e1ad029590aa7a
https://conda.anaconda.org/conda-forge/noarch/sphinxcontrib-serializinghtml-1.1.4-py_0.tar.bz2#8ea6a8036e28dba8827d35c764709358
https://conda.anaconda.org/conda-forge/noarch/testpath-0.4.4-py_0.tar.bz2#3b98fff4d5342bebde2ecaa314f796f9
https://conda.anaconda.org/conda-forge/noarch/toml-0.10.1-pyh9f0ad1d_0.tar.bz2#ca47d0ef822fd23b7ec9771a36645e5e
https://conda.anaconda.org/conda-forge/noarch/typing_extensions-3.7.4.2-py_0.tar.bz2#235133b5ac204ecadf84cd07bab4fbe3
https://conda.anaconda.org/conda-forge/noarch/webencodings-0.5.1-py_1.tar.bz2#3563be4c5611a44210d9ba0c16113136
https://conda.anaconda.org/conda-forge/noarch/wheel-0.35.1-pyh9f0ad1d_0.tar.bz2#126827869be32f21872a2b30ebe2b038
https://conda.anaconda.org/conda-forge/noarch/zipp-3.1.0-py_0.tar.bz2#61948e426a3a3ec1fa7c90a44c2585d1
https://conda.anaconda.org/conda-forge/noarch/babel-2.8.0-py_0.tar.bz2#2d6d06e3b9884b2446ed7d6e10db9eb3
https://conda.anaconda.org/conda-forge/linux-64/certifi-2020.6.20-py38h32f6830_0.tar.bz2#4131197cced658fa20cdfc6b6538c334
https://conda.anaconda.org/conda-forge/linux-64/cffi-1.14.3-py38h5bae8af_0.tar.bz2#00d4bd451245930d455ab4f981d6e0bd
https://conda.anaconda.org/conda-forge/linux-64/chardet-3.0.4-py38h32f6830_1007.tar.bz2#7aebe387c06b4bc2a2d06547af8fffc9
https://conda.anaconda.org/conda-forge/noarch/cycler-0.10.0-py_2.tar.bz2#f6d7c7e6d8f42cbbec7e07a8d879f91c
https://conda.anaconda.org/conda-forge/linux-64/dbus-1.13.6-he372182_0.tar.bz2#7f3c5ad4cf2fde0144840cc3b8e42283
https://conda.anaconda.org/conda-forge/linux-64/docutils-0.16-py38h32f6830_1.tar.bz2#68c5c795e3022165c2ef7783213a4761
https://conda.anaconda.org/conda-forge/linux-64/entrypoints-0.3-py38h32f6830_1001.tar.bz2#ac7df2c675db951e9d26e356fd3bc56b
https://conda.anaconda.org/conda-forge/linux-64/fastcache-1.1.0-py38h1e0a361_1.tar.bz2#270a318247d7c055e7cdd61b447af96a
https://conda.anaconda.org/conda-forge/linux-64/git-2.28.0-pl526h5e3e691_1.tar.bz2#feaf4e1b10e5a76b62e09d66ae98fa07
https://conda.anaconda.org/conda-forge/linux-64/gstreamer-1.14.5-h36ae1b5_2.tar.bz2#00084ab2657be5bf0ba0757ccde797ef
https://conda.anaconda.org/conda-forge/linux-64/importlib-metadata-1.7.0-py38h32f6830_0.tar.bz2#c50ea4f8695f7ca8be25388f07c09ebb
https://conda.anaconda.org/conda-forge/linux-64/jedi-0.15.2-py38_0.tar.bz2#6bc7cbace7e0d21cc141b4dbd28dc159
https://conda.anaconda.org/conda-forge/linux-64/kiwisolver-1.2.0-py38hbf85e49_0.tar.bz2#0535a58defc14cb8b54aebbd4eca52de
https://conda.anaconda.org/conda-forge/noarch/markdown-it-py-0.5.4-py_0.tar.bz2#0f5ea3e63e23afa0175ebe67ee9841bf
https://conda.anaconda.org/conda-forge/linux-64/markupsafe-1.1.1-py38h1e0a361_1.tar.bz2#22998906a1294fc06133e094a9ac6d72
https://conda.anaconda.org/conda-forge/linux-64/mistune-0.8.4-py38h1e0a361_1001.tar.bz2#853afa81af6e45fbcaab80bac917acc4
https://conda.anaconda.org/conda-forge/linux-64/multidict-4.7.5-py38h1e0a361_1.tar.bz2#a6dfa4527354880440945457a0b76c5f
https://conda.anaconda.org/conda-forge/linux-64/numpy-1.19.1-py38hbc27379_2.tar.bz2#d3b7f4e92728137861aa3808c6e91bfb
https://conda.anaconda.org/conda-forge/noarch/packaging-20.4-pyh9f0ad1d_0.tar.bz2#6d160f7346ac815500b5475d9a0f88a9
https://conda.anaconda.org/conda-forge/linux-64/pexpect-4.8.0-py38h32f6830_1.tar.bz2#da53534fe197ed435275df2c59043083
https://conda.anaconda.org/conda-forge/linux-64/pickleshare-0.7.5-py38h32f6830_1001.tar.bz2#05b7f1f00d70e0f37041c56acc9601ce
https://conda.anaconda.org/conda-forge/linux-64/pillow-7.2.0-py38h9776b28_1.tar.bz2#3db7e1733f44359ce177401662588652
https://conda.anaconda.org/conda-forge/linux-64/pluggy-0.13.1-py38h32f6830_2.tar.bz2#00b247dd88620d9a0697cde9245ab3c0
https://conda.anaconda.org/conda-forge/linux-64/pycurl-7.43.0.5-py38h4400d41_2.tar.bz2#1533fc0f62c5722efae0fcd72b4c35b4
https://conda.anaconda.org/conda-forge/linux-64/pyrsistent-0.17.3-py38h1e0a361_0.tar.bz2#6f5af0ff4a8e267fb7ac730b6472787a
https://conda.anaconda.org/conda-forge/linux-64/pysocks-1.7.1-py38h32f6830_1.tar.bz2#8cff813a871cc0a8053dbf716dd4fba6
https://conda.anaconda.org/conda-forge/noarch/python-dateutil-2.8.1-py_0.tar.bz2#0d0150ed9c2d25817f5324108d3f7571
https://conda.anaconda.org/conda-forge/linux-64/python-levenshtein-0.12.0-py38h1e0a361_1001.tar.bz2#7c67fe95411572cb3ea50eed139b4bd4
https://conda.anaconda.org/conda-forge/linux-64/pyyaml-5.3.1-py38h1e0a361_0.tar.bz2#06ea727fe1e670886d4d0cc8f8529db9
https://conda.anaconda.org/conda-forge/linux-64/pyzmq-19.0.2-py38ha71036d_0.tar.bz2#5eb7c2f195653a637e8f7218859601d9
https://conda.anaconda.org/conda-forge/linux-64/ruamel.yaml.clib-0.2.2-py38h1e0a361_0.tar.bz2#759a27352f498944014f1206dc01214b
https://conda.anaconda.org/conda-forge/linux-64/sqlalchemy-1.3.19-py38h1e0a361_0.tar.bz2#2a7596744fbceb9d28fe7f92d34bfb71
https://conda.anaconda.org/conda-forge/linux-64/tornado-6.0.4-py38h1e0a361_1.tar.bz2#5120a9329db3722c5ac094c756187fe9
https://conda.anaconda.org/conda-forge/noarch/traitlets-5.0.4-py_0.tar.bz2#c75376bed2140d3851e6081450513059
https://conda.anaconda.org/conda-forge/linux-64/argon2-cffi-20.1.0-py38h1e0a361_1.tar.bz2#00208a69e0b6b3b36671484abc59a499
https://conda.anaconda.org/conda-forge/linux-64/brotlipy-0.7.0-py38h1e0a361_1000.tar.bz2#da154c5d6d546f0b1e213707cc0e0162
https://conda.anaconda.org/conda-forge/linux-64/cryptography-3.1-py38h766eaa4_0.tar.bz2#2fb370f6af562e92e0384062d6ebc414
https://conda.anaconda.org/conda-forge/noarch/fuzzywuzzy-0.17.0-py_0.tar.bz2#1ec1d78fbb8c32c7b49ffe01b40bab95
https://conda.anaconda.org/conda-forge/linux-64/gst-plugins-base-1.14.5-h0935bb2_2.tar.bz2#eb125ee86480e00a4a1ed45a577c3311
https://conda.anaconda.org/conda-forge/noarch/importlib_metadata-1.7.0-0.tar.bz2#3e6503b25200f60149cce699a47cf09e
https://conda.anaconda.org/conda-forge/linux-64/jupyter_core-4.6.3-py38h32f6830_1.tar.bz2#8044bf1dbabee1a38484f4ae180dfbe6
https://conda.anaconda.org/conda-forge/noarch/mako-1.1.3-pyh9f0ad1d_0.tar.bz2#7c87121b0244cf6a1f44a1df12a846ea
https://conda.anaconda.org/conda-forge/linux-64/pytest-6.0.2-py38h32f6830_0.tar.bz2#3babbbfc7abafea69a1d55b9c3126111
https://conda.anaconda.org/conda-forge/linux-64/scipy-1.5.2-py38h8c5af15_0.tar.bz2#29cb9b969a3c9a6e23eb973a77799e8b
https://conda.anaconda.org/conda-forge/linux-64/setuptools-49.6.0-py38h32f6830_1.tar.bz2#062a087866cd8acd6b736f1b876cb2ad
https://conda.anaconda.org/conda-forge/linux-64/sympy-1.6.2-py38h32f6830_0.tar.bz2#7fe85f53d6f3c4c406cbc4ba31d72976
https://conda.anaconda.org/conda-forge/linux-64/terminado-0.8.3-py38h32f6830_1.tar.bz2#050dd70f20541aeaece5540f19a22813
https://conda.anaconda.org/conda-forge/linux-64/watchdog-0.10.3-py38h32f6830_1.tar.bz2#459b10a6fda4252fcb3945462600ebcd
https://conda.anaconda.org/conda-forge/linux-64/yarl-1.4.2-py38h516909a_0.tar.bz2#489a9ea2a93290213d9877fa0c15304e
https://conda.anaconda.org/conda-forge/linux-64/aiohttp-3.6.2-py38h516909a_0.tar.bz2#84399782cfee811e944baf0b870c30ae
https://conda.anaconda.org/conda-forge/noarch/alembic-1.4.3-pyh9f0ad1d_0.tar.bz2#84c871138af479a1724d3c3634273dda
https://conda.anaconda.org/conda-forge/noarch/backports.functools_lru_cache-1.6.1-py_0.tar.bz2#d36df15eaef96549ce6231e3088fba54
https://conda.anaconda.org/conda-forge/noarch/bleach-3.2.1-pyh9f0ad1d_0.tar.bz2#d4506316b85679972c0b78d4d1c0b701
https://conda.anaconda.org/eoas_ubc/linux-64/jb_tools-0.1.3-py38_2.tar.bz2#ddcc6c9ca9fb89adf5c24429046c7fb1
https://conda.anaconda.org/conda-forge/noarch/jinja2-2.11.2-pyh9f0ad1d_0.tar.bz2#e8a5d614d1a27bdba00059ca062a0551
https://conda.anaconda.org/conda-forge/linux-64/jsonschema-3.2.0-py38h32f6830_1.tar.bz2#49dd43811f60b5ba18fb9d7663a451d5
https://conda.anaconda.org/conda-forge/noarch/jupyter_client-6.1.7-py_0.tar.bz2#bcaa486602c05413da0808b82898f60a
https://conda.anaconda.org/conda-forge/linux-64/matplotlib-base-3.3.2-py38h91b0d89_0.tar.bz2#c2aba8a4cdf17ba7b51e056043e63ca4
https://conda.anaconda.org/conda-forge/noarch/pip-20.2.3-py_0.tar.bz2#2a473e697f17443a8647c3d7d22043d3
https://conda.anaconda.org/conda-forge/noarch/pygments-2.7.1-py_0.tar.bz2#9dbcbc1c57c179d2ac4fb79d9ed01c61
https://conda.anaconda.org/conda-forge/noarch/pyjwt-1.7.1-py_0.tar.bz2#617ab4f8c5e481fdeabe55d7a1e14798
https://conda.anaconda.org/conda-forge/noarch/pyopenssl-19.1.0-py_1.tar.bz2#ef3d970a6de9bc902d233e59f746b7cd
https://conda.anaconda.org/conda-forge/linux-64/qt-5.12.9-h1f2b2cb_0.tar.bz2#a372e7a1081e8f65df5177b709edec89
https://conda.anaconda.org/conda-forge/linux-64/ruamel.yaml-0.16.12-py38h1e0a361_0.tar.bz2#1960ae687aafa9bfd0b00001c8649f8f
https://conda.anaconda.org/conda-forge/linux-64/bokeh-2.2.1-py38h32f6830_0.tar.bz2#ba3162312ddc9c40f93376745d616ea2
https://conda.anaconda.org/conda-forge/noarch/certipy-0.1.3-py_0.tar.bz2#23486713ef5712923e7c57cae609b22e
https://conda.anaconda.org/conda-forge/noarch/jupyter_telemetry-0.0.5-py_0.tar.bz2#46d62a58c7dd1e6fcdaff59441285791
https://conda.anaconda.org/conda-forge/noarch/jupyterlab_pygments-0.1.1-pyh9f0ad1d_0.tar.bz2#1dcc48a573e69b44f9065dbe665fc186
https://conda.anaconda.org/conda-forge/linux-64/matplotlib-3.3.2-0.tar.bz2#17a0b9dba1fc475c5ffe79ab7a817b94
https://conda.anaconda.org/conda-forge/noarch/nbformat-5.0.7-py_0.tar.bz2#7f9984ee165126ac09d9eb678052783d
https://conda.anaconda.org/conda-forge/noarch/oauthlib-3.0.1-py_0.tar.bz2#faaf2a8fd1cddecbf1818fcf0ed3a3b6
https://conda.anaconda.org/conda-forge/linux-64/pyqt-5.12.3-py38ha8c2ead_3.tar.bz2#242c206b0c30fdc4c18aea16f04c4262
https://conda.anaconda.org/conda-forge/noarch/urllib3-1.25.10-py_0.tar.bz2#82cde2a532177697e42a090add881db8
https://conda.anaconda.org/conda-forge/noarch/wcwidth-0.2.5-pyh9f0ad1d_1.tar.bz2#ac581f74f00d4d9f5acec2449f310e70
https://conda.anaconda.org/conda-forge/noarch/jupytext-1.6.0-pyh9f0ad1d_0.tar.bz2#dd0e9e0a7812e4a911bac937e0a7fabb
https://conda.anaconda.org/conda-forge/noarch/nbclient-0.5.0-py_0.tar.bz2#1c95e6cf38f219566e281979a3a1bd27
https://conda.anaconda.org/conda-forge/noarch/prompt-toolkit-3.0.7-py_0.tar.bz2#32341741e1d778b2c54bb42191cf8571
https://conda.anaconda.org/conda-forge/noarch/requests-2.24.0-pyh9f0ad1d_0.tar.bz2#786ef230ca5cf2536e9dee910fdf4f9f
https://conda.anaconda.org/conda-forge/noarch/conda-lock-0.6.0-py_0.tar.bz2#cec92264515acd6ff903fa8455dd67da
https://conda.anaconda.org/conda-forge/linux-64/ipython-7.18.1-py38h1cdfbd6_0.tar.bz2#e6c0aefc70107e32644ff47aac9cbd2b
https://conda.anaconda.org/conda-forge/linux-64/jupyterhub-base-1.1.0-py38h32f6830_4.tar.bz2#e299a72647e44a00532e1f70ef8f72f4
https://conda.anaconda.org/conda-forge/linux-64/nbconvert-6.0.3-py38h32f6830_0.tar.bz2#0e4aa70f9f01b31d92c21a3b7e23cb2f
https://conda.anaconda.org/conda-forge/noarch/prompt_toolkit-3.0.7-0.tar.bz2#605b6c7b54d977bbd796535ec386f00b
https://conda.anaconda.org/conda-forge/noarch/sphinx-3.2.1-py_0.tar.bz2#6775ce3cbf77a9447eacd1592858a738
https://conda.anaconda.org/conda-forge/linux-64/ipykernel-5.3.4-py38h23f93f0_0.tar.bz2#1fbf8f16e22d12866cb14877ebf72ae0
https://conda.anaconda.org/conda-forge/noarch/jupyter_console-6.2.0-py_0.tar.bz2#cb063fba0917fab041217d5a4a3adca0
https://conda.anaconda.org/conda-forge/linux-64/notebook-6.1.4-py38h32f6830_0.tar.bz2#1fa60460d070c856e8ae3d9a75d8661a
https://conda.anaconda.org/conda-forge/noarch/qtconsole-4.7.7-pyh9f0ad1d_0.tar.bz2#8e117006c5c34029352c6b525c453361
https://conda.anaconda.org/conda-forge/noarch/jupyter-server-proxy-1.5.0-py_0.tar.bz2#a268439d8b60aac7c506dd170fa48f88
https://conda.anaconda.org/conda-forge/linux-64/jupyterhub-singleuser-1.1.0-py38h32f6830_4.tar.bz2#538591d5ca11f2a2e192f60ca5624748
https://conda.anaconda.org/conda-forge/noarch/jupyterlab_server-1.2.0-py_0.tar.bz2#77d654573f19a836b326fb77ffd86860
https://conda.anaconda.org/conda-forge/noarch/nbgitpuller-0.9.0-py_0.tar.bz2#ce05504b25f7e0234c99e7ef1f746cbd
https://conda.anaconda.org/conda-forge/linux-64/widgetsnbextension-3.5.1-py38h32f6830_1.tar.bz2#6ca9410b58ad5bea0aaf4ccbb6e5756d
https://conda.anaconda.org/conda-forge/noarch/ipywidgets-7.5.1-pyh9f0ad1d_1.tar.bz2#a7211644e1cf6a262c675635a78181f4
https://conda.anaconda.org/conda-forge/noarch/jupyterlab-2.2.8-py_0.tar.bz2#6c8bc607ef541e7f2c72f8e1058bf799
https://conda.anaconda.org/eoas_ubc/noarch/base-notebook-2020.09.05-0.tar.bz2#3745b8c36fef6f15c850ebd174b7c3c9
https://conda.anaconda.org/conda-forge/noarch/jupyter-1.0.0-py_2.tar.bz2#46b26993ed7c689863313a03ee39e5e3
https://conda.anaconda.org/conda-forge/linux-64/nbgrader-0.6.1-py38h32f6830_0.tar.bz2#597e38342d64bba98ccf86941b752870
